github.com/tappoy/logger v1.6.1 h1:uWMUE+jSAgdQq6qYKZJxZ33mnpm++AjJUZutK5qtqNc=
github.com/tappoy/logger v1.6.1/go.mod h1:5XDuyu3l8ktLVFgWyRuNZfbiP5FYe+NyfQJOan0Xvck=
github.com/tappoy/pwinput v1.1.0 h1:xs4ihJxWNNllCy7Cf1D+tjn0pB1De6TnaUaFydTiBrU=
github.com/tappoy/pwinput v1.1.0/go.mod h1:boa4zl7hsQQ6yZvYMNK7oEuGoCY1aQU+hqC5KvATHY0=
github.com/tappoy/vault v0.0.4 h1:J+9e74Ytt6+vrvkjp9FR3uG69++49n54bf9RFMc0Lok=
github.com/tappoy/vault v0.0.4/go.mod h1:rbLlwl2FSQBt0DtOuL+bMMtulPgTLyAvRL54IRaQg0M=
golang.org/x/crypto v0.22.0 h1:g1v0xeRhjcugydODzvb3mEM9SQ0HGp9s/nh3COQ/C30=
golang.org/x/crypto v0.22.0/go.mod h1:vr6Su+7cTlO45qkww3VDJlzDn0ctJvRgYbC2NvXHt+M=
golang.org/x/sys v0.19.0 h1:q5f1RH2jigJ1MoAWp2KTp3gm5zAGFUTarQZ5U386+4o=
golang.org/x/sys v0.19.0/go.mod h1:/VUhepiaJMQUp4+oa/7Zr1D23ma6VTLIYjOOTFZPUcA=
golang.org/x/term v0.19.0 h1:+ThwsDv+tYfnJFhF4L8jITxu1tdTWRTZpdsWgEgjL6Q=
golang.org/x/term v0.19.0/go.mod h1:2CuTdWZ7KHSQwUzKva0cbMg6q2DMI3Mmxp+gKJbskEk=
