github.com/tappoy/crypto v1.2.0 h1:4MtbbINpGr189PwfvAueOOGvPWjc/QkYr0gPYw9nTjI=
github.com/tappoy/crypto v1.2.0/go.mod h1:bIRaKMbqdSIkJCoei1HW6+HgN2CF2J9pDPhBEUrXZLI=
github.com/tappoy/logger v1.7.0 h1:El0L1H9bqXY6ybqm2ey+a761mW9d7og+bSS6qmqEfB0=
github.com/tappoy/logger v1.7.0/go.mod h1:5XDuyu3l8ktLVFgWyRuNZfbiP5FYe+NyfQJOan0Xvck=
github.com/tappoy/pwinput v1.1.1 h1:2Dt47rP94H+IEYRTWDJUwz6wtJWU2GixApUXzFKPAK8=
github.com/tappoy/pwinput v1.1.1/go.mod h1:boa4zl7hsQQ6yZvYMNK7oEuGoCY1aQU+hqC5KvATHY0=
github.com/tappoy/vault v1.5.0 h1:3CNIUulPGimKEvWAq49wrLhoOJdB5gcjB8dauINtYCE=
github.com/tappoy/vault v1.5.0/go.mod h1:d42Yk7+PtDvG+Fgz93NAgSoDjIiJmuEUtHwaCSfWNC8=
github.com/tappoy/version v1.1.0 h1:KGHDBd/LF22b/PkHQvaVKYMK+Tjh8JRhMGak1/uW9bM=
github.com/tappoy/version v1.1.0/go.mod h1:H/e19movDAGL7JsBL+Z5+Ae3/3QdlY0hkvuhTZGy5Tw=
golang.org/x/crypto v0.22.0 h1:g1v0xeRhjcugydODzvb3mEM9SQ0HGp9s/nh3COQ/C30=
golang.org/x/crypto v0.22.0/go.mod h1:vr6Su+7cTlO45qkww3VDJlzDn0ctJvRgYbC2NvXHt+M=
golang.org/x/sys v0.19.0 h1:q5f1RH2jigJ1MoAWp2KTp3gm5zAGFUTarQZ5U386+4o=
golang.org/x/sys v0.19.0/go.mod h1:/VUhepiaJMQUp4+oa/7Zr1D23ma6VTLIYjOOTFZPUcA=
golang.org/x/term v0.19.0 h1:+ThwsDv+tYfnJFhF4L8jITxu1tdTWRTZpdsWgEgjL6Q=
golang.org/x/term v0.19.0/go.mod h1:2CuTdWZ7KHSQwUzKva0cbMg6q2DMI3Mmxp+gKJbskEk=
